
Microsoft Visual Studio Solution File, Format Version 12.00
# Visual Studio Version 17
VisualStudioVersion = 17.8.34309.116
MinimumVisualStudioVersion = 10.0.40219.1
Project("{2150E333-8FDC-42A3-9474-1A3956D46DE8}") = "examples", "examples", "{15DA8E71-6B7D-4D0D-97B5-DA4CD201AE0E}"
EndProject
Project("{2150E333-8FDC-42A3-9474-1A3956D46DE8}") = "Ecommerce", "Ecommerce", "{DF3AA52C-523B-4483-8A4D-528554EA914D}"
EndProject
Project("{2150E333-8FDC-42A3-9474-1A3956D46DE8}") = "Carts", "Carts", "{9B67D0A5-F457-48D1-97E7-F40A6B362D2D}"
EndProject
Project("{2150E333-8FDC-42A3-9474-1A3956D46DE8}") = "core", "core", "{D1203789-B217-4D51-BD1D-2171A1414D20}"
EndProject
Project("{9A19103F-16F7-4668-BE54-9A1E7A4F7556}") = "Kuna.EventSourcing.Core", "src\core\Kuna.EventSourcing.Core\Kuna.EventSourcing.Core.csproj", "{CA962AA0-C026-4DDF-8057-67E12345891F}"
EndProject
Project("{9A19103F-16F7-4668-BE54-9A1E7A4F7556}") = "Kuna.EventSourcing.Core.TestKit", "src\core\Kuna.EventSourcing.Core.TestKit\Kuna.EventSourcing.Core.TestKit.csproj", "{BAC67103-BE01-40B8-8EE4-5A4521D295D3}"
EndProject
Project("{9A19103F-16F7-4668-BE54-9A1E7A4F7556}") = "Kuna.EventSourcing.Core.Tests", "src\core\Kuna.EventSourcing.Core.Tests\Kuna.EventSourcing.Core.Tests.csproj", "{21144493-A13B-400A-873C-C3ABABD7AE5B}"
EndProject
Project("{9A19103F-16F7-4668-BE54-9A1E7A4F7556}") = "Carts", "src\examples\ECommerce\Carts\Carts.Api\Carts.csproj", "{3E298236-9629-4C18-9562-DCBD9C65E089}"
EndProject
Project("{9A19103F-16F7-4668-BE54-9A1E7A4F7556}") = "Carts.Tests", "src\examples\ECommerce\Carts\Carts.Api.Tests\Carts.Tests.csproj", "{FF39064A-38D3-47F2-8C3B-F558ECA7AF2B}"
EndProject
Project("{9A19103F-16F7-4668-BE54-9A1E7A4F7556}") = "Carts.TestingInfrastructure", "src\examples\ECommerce\Carts\Carts.TestingInfrastructure\Carts.TestingInfrastructure.csproj", "{C056CDE1-4692-48CE-AB62-0B8B35B684C0}"
EndProject
Project("{9A19103F-16F7-4668-BE54-9A1E7A4F7556}") = "Kuna.Utilities.Tests", "src\core\Kuna.Utilities.Tests\Kuna.Utilities.Tests.csproj", "{984F95E1-1FE6-4328-BB27-EB97FE7CE40C}"
EndProject
Project("{2150E333-8FDC-42A3-9474-1A3956D46DE8}") = "KurrentDB", "KurrentDB", "{BA52D632-E60E-46C9-BBDB-CA851F8BC23F}"
	ProjectSection(SolutionItems) = preProject
		appsettings.json = appsettings.json
	EndProjectSection
EndProject
Project("{2150E333-8FDC-42A3-9474-1A3956D46DE8}") = "Solution Items", "Solution Items", "{F624C483-448C-44B8-A3C6-9E7517D57968}"
EndProject
Project("{FAE04EC0-301F-11D3-BF4B-00C04F79EFBC}") = "Carts", "src\examples\eventsourcing-book\Carts\Carts.csproj", "{4C7E161A-2EA6-42A8-8F8C-8443E1EE7AE8}"
EndProject
Project("{2150E333-8FDC-42A3-9474-1A3956D46DE8}") = "eventsourcing-book", "eventsourcing-book", "{37002257-D335-4C7E-8EC2-9D45DCF8D474}"
EndProject
Project("{FAE04EC0-301F-11D3-BF4B-00C04F79EFBC}") = "Inventory", "src\examples\eventsourcing-book\Inventory\Inventory.csproj", "{0281C64C-24F6-4CAC-A091-369C86E981BD}"
EndProject
Project("{FAE04EC0-301F-11D3-BF4B-00C04F79EFBC}") = "Kuna.EventSourcing.Kurrent", "src\KurrentDB \Kuna.EventSourcing.Kurrent\Kuna.EventSourcing.Kurrent.csproj", "{72E7B623-DD4D-41CE-897A-864A4308F167}"
EndProject
Project("{FAE04EC0-301F-11D3-BF4B-00C04F79EFBC}") = "Kuna.EventSourcing.Kurrent.Tests", "src\KurrentDB \Kuna.EventSourcing.Kurrent.Tests\Kuna.EventSourcing.Kurrent.Tests.csproj", "{2E1BBF09-B0F6-4DD3-AABE-BDBA1860FCAF}"
EndProject
Project("{FAE04EC0-301F-11D3-BF4B-00C04F79EFBC}") = "Kuna.Utilities", "src\core\Kuna.Utilities\Kuna.Utilities.csproj", "{BCC4D685-FA2F-4F1F-A15C-67366914147B}"
EndProject
Global
	GlobalSection(SolutionConfigurationPlatforms) = preSolution
		Debug|Any CPU = Debug|Any CPU
		Release|Any CPU = Release|Any CPU
	EndGlobalSection
	GlobalSection(ProjectConfigurationPlatforms) = postSolution
		{CA962AA0-C026-4DDF-8057-67E12345891F}.Debug|Any CPU.ActiveCfg = Debug|Any CPU
		{CA962AA0-C026-4DDF-8057-67E12345891F}.Debug|Any CPU.Build.0 = Debug|Any CPU
		{CA962AA0-C026-4DDF-8057-67E12345891F}.Release|Any CPU.ActiveCfg = Release|Any CPU
		{CA962AA0-C026-4DDF-8057-67E12345891F}.Release|Any CPU.Build.0 = Release|Any CPU
		{BAC67103-BE01-40B8-8EE4-5A4521D295D3}.Debug|Any CPU.ActiveCfg = Debug|Any CPU
		{BAC67103-BE01-40B8-8EE4-5A4521D295D3}.Debug|Any CPU.Build.0 = Debug|Any CPU
		{BAC67103-BE01-40B8-8EE4-5A4521D295D3}.Release|Any CPU.ActiveCfg = Release|Any CPU
		{BAC67103-BE01-40B8-8EE4-5A4521D295D3}.Release|Any CPU.Build.0 = Release|Any CPU
		{21144493-A13B-400A-873C-C3ABABD7AE5B}.Debug|Any CPU.ActiveCfg = Debug|Any CPU
		{21144493-A13B-400A-873C-C3ABABD7AE5B}.Debug|Any CPU.Build.0 = Debug|Any CPU
		{21144493-A13B-400A-873C-C3ABABD7AE5B}.Release|Any CPU.ActiveCfg = Release|Any CPU
		{21144493-A13B-400A-873C-C3ABABD7AE5B}.Release|Any CPU.Build.0 = Release|Any CPU
		{3E298236-9629-4C18-9562-DCBD9C65E089}.Debug|Any CPU.ActiveCfg = Debug|Any CPU
		{3E298236-9629-4C18-9562-DCBD9C65E089}.Debug|Any CPU.Build.0 = Debug|Any CPU
		{3E298236-9629-4C18-9562-DCBD9C65E089}.Release|Any CPU.ActiveCfg = Release|Any CPU
		{3E298236-9629-4C18-9562-DCBD9C65E089}.Release|Any CPU.Build.0 = Release|Any CPU
		{FF39064A-38D3-47F2-8C3B-F558ECA7AF2B}.Debug|Any CPU.ActiveCfg = Debug|Any CPU
		{FF39064A-38D3-47F2-8C3B-F558ECA7AF2B}.Debug|Any CPU.Build.0 = Debug|Any CPU
		{FF39064A-38D3-47F2-8C3B-F558ECA7AF2B}.Release|Any CPU.ActiveCfg = Release|Any CPU
		{FF39064A-38D3-47F2-8C3B-F558ECA7AF2B}.Release|Any CPU.Build.0 = Release|Any CPU
		{C056CDE1-4692-48CE-AB62-0B8B35B684C0}.Debug|Any CPU.ActiveCfg = Debug|Any CPU
		{C056CDE1-4692-48CE-AB62-0B8B35B684C0}.Debug|Any CPU.Build.0 = Debug|Any CPU
		{C056CDE1-4692-48CE-AB62-0B8B35B684C0}.Release|Any CPU.ActiveCfg = Release|Any CPU
		{C056CDE1-4692-48CE-AB62-0B8B35B684C0}.Release|Any CPU.Build.0 = Release|Any CPU
		{984F95E1-1FE6-4328-BB27-EB97FE7CE40C}.Debug|Any CPU.ActiveCfg = Debug|Any CPU
		{984F95E1-1FE6-4328-BB27-EB97FE7CE40C}.Debug|Any CPU.Build.0 = Debug|Any CPU
		{984F95E1-1FE6-4328-BB27-EB97FE7CE40C}.Release|Any CPU.ActiveCfg = Release|Any CPU
		{984F95E1-1FE6-4328-BB27-EB97FE7CE40C}.Release|Any CPU.Build.0 = Release|Any CPU
		{4C7E161A-2EA6-42A8-8F8C-8443E1EE7AE8}.Debug|Any CPU.ActiveCfg = Debug|Any CPU
		{4C7E161A-2EA6-42A8-8F8C-8443E1EE7AE8}.Debug|Any CPU.Build.0 = Debug|Any CPU
		{4C7E161A-2EA6-42A8-8F8C-8443E1EE7AE8}.Release|Any CPU.ActiveCfg = Release|Any CPU
		{4C7E161A-2EA6-42A8-8F8C-8443E1EE7AE8}.Release|Any CPU.Build.0 = Release|Any CPU
		{0281C64C-24F6-4CAC-A091-369C86E981BD}.Debug|Any CPU.ActiveCfg = Debug|Any CPU
		{0281C64C-24F6-4CAC-A091-369C86E981BD}.Debug|Any CPU.Build.0 = Debug|Any CPU
		{0281C64C-24F6-4CAC-A091-369C86E981BD}.Release|Any CPU.ActiveCfg = Release|Any CPU
		{0281C64C-24F6-4CAC-A091-369C86E981BD}.Release|Any CPU.Build.0 = Release|Any CPU
		{72E7B623-DD4D-41CE-897A-864A4308F167}.Debug|Any CPU.ActiveCfg = Debug|Any CPU
		{72E7B623-DD4D-41CE-897A-864A4308F167}.Debug|Any CPU.Build.0 = Debug|Any CPU
		{72E7B623-DD4D-41CE-897A-864A4308F167}.Release|Any CPU.ActiveCfg = Release|Any CPU
		{72E7B623-DD4D-41CE-897A-864A4308F167}.Release|Any CPU.Build.0 = Release|Any CPU
		{2E1BBF09-B0F6-4DD3-AABE-BDBA1860FCAF}.Debug|Any CPU.ActiveCfg = Debug|Any CPU
		{2E1BBF09-B0F6-4DD3-AABE-BDBA1860FCAF}.Debug|Any CPU.Build.0 = Debug|Any CPU
		{2E1BBF09-B0F6-4DD3-AABE-BDBA1860FCAF}.Release|Any CPU.ActiveCfg = Release|Any CPU
		{2E1BBF09-B0F6-4DD3-AABE-BDBA1860FCAF}.Release|Any CPU.Build.0 = Release|Any CPU
		{BCC4D685-FA2F-4F1F-A15C-67366914147B}.Debug|Any CPU.ActiveCfg = Debug|Any CPU
		{BCC4D685-FA2F-4F1F-A15C-67366914147B}.Debug|Any CPU.Build.0 = Debug|Any CPU
		{BCC4D685-FA2F-4F1F-A15C-67366914147B}.Release|Any CPU.ActiveCfg = Release|Any CPU
		{BCC4D685-FA2F-4F1F-A15C-67366914147B}.Release|Any CPU.Build.0 = Release|Any CPU
	EndGlobalSection
	GlobalSection(SolutionProperties) = preSolution
		HideSolutionNode = FALSE
	EndGlobalSection
	GlobalSection(NestedProjects) = preSolution
		{DF3AA52C-523B-4483-8A4D-528554EA914D} = {15DA8E71-6B7D-4D0D-97B5-DA4CD201AE0E}
		{9B67D0A5-F457-48D1-97E7-F40A6B362D2D} = {DF3AA52C-523B-4483-8A4D-528554EA914D}
		{CA962AA0-C026-4DDF-8057-67E12345891F} = {D1203789-B217-4D51-BD1D-2171A1414D20}
		{BAC67103-BE01-40B8-8EE4-5A4521D295D3} = {D1203789-B217-4D51-BD1D-2171A1414D20}
		{21144493-A13B-400A-873C-C3ABABD7AE5B} = {D1203789-B217-4D51-BD1D-2171A1414D20}
		{3E298236-9629-4C18-9562-DCBD9C65E089} = {9B67D0A5-F457-48D1-97E7-F40A6B362D2D}
		{FF39064A-38D3-47F2-8C3B-F558ECA7AF2B} = {9B67D0A5-F457-48D1-97E7-F40A6B362D2D}
		{C056CDE1-4692-48CE-AB62-0B8B35B684C0} = {9B67D0A5-F457-48D1-97E7-F40A6B362D2D}
		{984F95E1-1FE6-4328-BB27-EB97FE7CE40C} = {D1203789-B217-4D51-BD1D-2171A1414D20}
		{37002257-D335-4C7E-8EC2-9D45DCF8D474} = {15DA8E71-6B7D-4D0D-97B5-DA4CD201AE0E}
		{4C7E161A-2EA6-42A8-8F8C-8443E1EE7AE8} = {37002257-D335-4C7E-8EC2-9D45DCF8D474}
		{0281C64C-24F6-4CAC-A091-369C86E981BD} = {37002257-D335-4C7E-8EC2-9D45DCF8D474}
		{72E7B623-DD4D-41CE-897A-864A4308F167} = {BA52D632-E60E-46C9-BBDB-CA851F8BC23F}
		{2E1BBF09-B0F6-4DD3-AABE-BDBA1860FCAF} = {BA52D632-E60E-46C9-BBDB-CA851F8BC23F}
		{BCC4D685-FA2F-4F1F-A15C-67366914147B} = {D1203789-B217-4D51-BD1D-2171A1414D20}
	EndGlobalSection
	GlobalSection(ExtensibilityGlobals) = postSolution
		SolutionGuid = {CCEAC7BD-D233-451D-AB39-4D6094157363}
	EndGlobalSection
	GlobalSection(RiderSharedRunConfigurations) = postSolution
	EndGlobalSection
EndGlobal
