
Microsoft Visual Studio Solution File, Format Version 12.00
Project("{FAE04EC0-301F-11D3-BF4B-00C04F79EFBC}") = "Kuna.EventSourcing.Core", "Core\src\Kuna.EventSourcing.Core.csproj", "{43510A12-EF33-4764-AB1B-7003699F3065}"
EndProject
Project("{2150E333-8FDC-42A3-9474-1A3956D46DE8}") = "Core", "Core", "{65D0BD3E-0ED1-4DED-91B0-366EEECB28C2}"
EndProject
Project("{2150E333-8FDC-42A3-9474-1A3956D46DE8}") = "Testing", "Testing", "{66CC6ECC-2E38-4BB8-A19C-984086D10733}"
EndProject
Project("{FAE04EC0-301F-11D3-BF4B-00C04F79EFBC}") = "Kuna.EventSourcing.Core.EventStore", "Core.EventStore\src\Kuna.EventSourcing.Core.EventStore.csproj", "{FD26FDB7-4C15-45C5-A9E3-F982F23E4FC2}"
EndProject
Project("{2150E333-8FDC-42A3-9474-1A3956D46DE8}") = "src", "src", "{104BEE7C-F012-46FA-9EFD-98C9A0C081F4}"
EndProject
Project("{2150E333-8FDC-42A3-9474-1A3956D46DE8}") = "test", "test", "{BAB40D2B-2709-4950-8074-E849F9EB3AB2}"
EndProject
Project("{FAE04EC0-301F-11D3-BF4B-00C04F79EFBC}") = "Kuna.EventSourcing.Core.Tests", "Core\test\Kuna.EventSourcing.Core.Tests.csproj", "{3AD71972-5DF6-497A-A58C-F4FD48AD4DFF}"
EndProject
Project("{FAE04EC0-301F-11D3-BF4B-00C04F79EFBC}") = "Kuna.EventSourcing.Core.EventStore.Tests", "Core.EventStore\test\Kuna.EventSourcing.Core.EventStore.Tests.csproj", "{FAA70EA8-382E-45DE-AA02-04A8F0D86457}"
EndProject
Project("{FAE04EC0-301F-11D3-BF4B-00C04F79EFBC}") = "Kuna.EventSourcing.Testing", "Testing\Kuna.EventSourcing.Testing.csproj", "{F885307D-8D45-4D55-BC94-7104619A726A}"
EndProject
Project("{2150E333-8FDC-42A3-9474-1A3956D46DE8}") = "Samples", "Samples", "{15DA8E71-6B7D-4D0D-97B5-DA4CD201AE0E}"
EndProject
Project("{2150E333-8FDC-42A3-9474-1A3956D46DE8}") = "Ecommerce", "Ecommerce", "{DF3AA52C-523B-4483-8A4D-528554EA914D}"
EndProject
Project("{2150E333-8FDC-42A3-9474-1A3956D46DE8}") = "Carts", "Carts", "{9B67D0A5-F457-48D1-97E7-F40A6B362D2D}"
EndProject
Project("{FAE04EC0-301F-11D3-BF4B-00C04F79EFBC}") = "Carts.Application", "Sample\ECommerce\Carts\Carts.Application\Carts.Application.csproj", "{0411C6D7-4D26-4E99-94F7-03156B93485E}"
EndProject
Project("{FAE04EC0-301F-11D3-BF4B-00C04F79EFBC}") = "Carts.Api", "Sample\ECommerce\Carts\Carts.Api\Carts.Api.csproj", "{BB53CB64-3B19-4CA4-8DD2-65D6CD3454AF}"
EndProject
Project("{FAE04EC0-301F-11D3-BF4B-00C04F79EFBC}") = "Carts.Domain.Tests", "Sample\ECommerce\Carts\Carts.Domain.Tests\Carts.Domain.Tests.csproj", "{D9C178D9-A8C8-4D3A-9583-27A69F1112C5}"
EndProject
Project("{FAE04EC0-301F-11D3-BF4B-00C04F79EFBC}") = "Carts.Domain", "Sample\ECommerce\Carts\Carts.Domain\Carts.Domain.csproj", "{D7A86839-E441-455F-AC74-854E23E0C42F}"
EndProject
Project("{FAE04EC0-301F-11D3-BF4B-00C04F79EFBC}") = "Carts.Infrastructure", "Sample\ECommerce\Carts\Carts.Infrastructure\Carts.Infrastructure.csproj", "{D7ECAC33-982C-453E-A8B9-B2026D87722A}"
EndProject
Project("{2150E333-8FDC-42A3-9474-1A3956D46DE8}") = "src", "src", "{56D265A9-B7C9-49C7-8027-315D0BB7CC3C}"
EndProject
Project("{2150E333-8FDC-42A3-9474-1A3956D46DE8}") = "test", "test", "{0BE28E66-E10B-4739-A522-322B7C076AFE}"
EndProject
Project("{FAE04EC0-301F-11D3-BF4B-00C04F79EFBC}") = "Carts.Application.Test", "Sample\ECommerce\Carts\Carts.Application.Test\Carts.Application.Test.csproj", "{C1DA8E9C-FF43-4724-995A-0BE23905AEC3}"
EndProject
Project("{FAE04EC0-301F-11D3-BF4B-00C04F79EFBC}") = "Carts.Infrastructure.Test", "Sample\ECommerce\Carts\Carts.Infrastructure.Test\Carts.Infrastructure.Test.csproj", "{CC24C023-AA7D-4AB7-AC12-E41E42AB43BB}"
EndProject
Project("{FAE04EC0-301F-11D3-BF4B-00C04F79EFBC}") = "Carts.TestingInfrastructure", "Sample\ECommerce\Carts\Carts.TestingInfrastructure\Carts.TestingInfrastructure.csproj", "{77D0C5DD-A3CF-44DA-B162-69768986D8E8}"
EndProject
Project("{FAE04EC0-301F-11D3-BF4B-00C04F79EFBC}") = "Carts.Api.Tests", "Sample\ECommerce\Carts\Carts.Api.Tests\Carts.Api.Tests.csproj", "{13423F1F-7478-40FA-869E-7AA3DC275DDA}"
EndProject
Project("{2150E333-8FDC-42A3-9474-1A3956D46DE8}") = "Solution Items", "Solution Items", "{5EC9E0C5-5940-49EE-B5E6-87E8DFEAE6A9}"
EndProject
Global
	GlobalSection(SolutionConfigurationPlatforms) = preSolution
		Debug|Any CPU = Debug|Any CPU
		Release|Any CPU = Release|Any CPU
	EndGlobalSection
	GlobalSection(ProjectConfigurationPlatforms) = postSolution
		{43510A12-EF33-4764-AB1B-7003699F3065}.Debug|Any CPU.ActiveCfg = Debug|Any CPU
		{43510A12-EF33-4764-AB1B-7003699F3065}.Debug|Any CPU.Build.0 = Debug|Any CPU
		{43510A12-EF33-4764-AB1B-7003699F3065}.Release|Any CPU.ActiveCfg = Release|Any CPU
		{43510A12-EF33-4764-AB1B-7003699F3065}.Release|Any CPU.Build.0 = Release|Any CPU
		{FD26FDB7-4C15-45C5-A9E3-F982F23E4FC2}.Debug|Any CPU.ActiveCfg = Debug|Any CPU
		{FD26FDB7-4C15-45C5-A9E3-F982F23E4FC2}.Debug|Any CPU.Build.0 = Debug|Any CPU
		{FD26FDB7-4C15-45C5-A9E3-F982F23E4FC2}.Release|Any CPU.ActiveCfg = Release|Any CPU
		{FD26FDB7-4C15-45C5-A9E3-F982F23E4FC2}.Release|Any CPU.Build.0 = Release|Any CPU
		{3AD71972-5DF6-497A-A58C-F4FD48AD4DFF}.Debug|Any CPU.ActiveCfg = Debug|Any CPU
		{3AD71972-5DF6-497A-A58C-F4FD48AD4DFF}.Debug|Any CPU.Build.0 = Debug|Any CPU
		{3AD71972-5DF6-497A-A58C-F4FD48AD4DFF}.Release|Any CPU.ActiveCfg = Release|Any CPU
		{3AD71972-5DF6-497A-A58C-F4FD48AD4DFF}.Release|Any CPU.Build.0 = Release|Any CPU
		{FAA70EA8-382E-45DE-AA02-04A8F0D86457}.Debug|Any CPU.ActiveCfg = Debug|Any CPU
		{FAA70EA8-382E-45DE-AA02-04A8F0D86457}.Debug|Any CPU.Build.0 = Debug|Any CPU
		{FAA70EA8-382E-45DE-AA02-04A8F0D86457}.Release|Any CPU.ActiveCfg = Release|Any CPU
		{FAA70EA8-382E-45DE-AA02-04A8F0D86457}.Release|Any CPU.Build.0 = Release|Any CPU
		{F885307D-8D45-4D55-BC94-7104619A726A}.Debug|Any CPU.ActiveCfg = Debug|Any CPU
		{F885307D-8D45-4D55-BC94-7104619A726A}.Debug|Any CPU.Build.0 = Debug|Any CPU
		{F885307D-8D45-4D55-BC94-7104619A726A}.Release|Any CPU.ActiveCfg = Release|Any CPU
		{F885307D-8D45-4D55-BC94-7104619A726A}.Release|Any CPU.Build.0 = Release|Any CPU
		{0411C6D7-4D26-4E99-94F7-03156B93485E}.Debug|Any CPU.ActiveCfg = Debug|Any CPU
		{0411C6D7-4D26-4E99-94F7-03156B93485E}.Debug|Any CPU.Build.0 = Debug|Any CPU
		{0411C6D7-4D26-4E99-94F7-03156B93485E}.Release|Any CPU.ActiveCfg = Release|Any CPU
		{0411C6D7-4D26-4E99-94F7-03156B93485E}.Release|Any CPU.Build.0 = Release|Any CPU
		{BB53CB64-3B19-4CA4-8DD2-65D6CD3454AF}.Debug|Any CPU.ActiveCfg = Debug|Any CPU
		{BB53CB64-3B19-4CA4-8DD2-65D6CD3454AF}.Debug|Any CPU.Build.0 = Debug|Any CPU
		{BB53CB64-3B19-4CA4-8DD2-65D6CD3454AF}.Release|Any CPU.ActiveCfg = Release|Any CPU
		{BB53CB64-3B19-4CA4-8DD2-65D6CD3454AF}.Release|Any CPU.Build.0 = Release|Any CPU
		{D9C178D9-A8C8-4D3A-9583-27A69F1112C5}.Debug|Any CPU.ActiveCfg = Debug|Any CPU
		{D9C178D9-A8C8-4D3A-9583-27A69F1112C5}.Debug|Any CPU.Build.0 = Debug|Any CPU
		{D9C178D9-A8C8-4D3A-9583-27A69F1112C5}.Release|Any CPU.ActiveCfg = Release|Any CPU
		{D9C178D9-A8C8-4D3A-9583-27A69F1112C5}.Release|Any CPU.Build.0 = Release|Any CPU
		{D7A86839-E441-455F-AC74-854E23E0C42F}.Debug|Any CPU.ActiveCfg = Debug|Any CPU
		{D7A86839-E441-455F-AC74-854E23E0C42F}.Debug|Any CPU.Build.0 = Debug|Any CPU
		{D7A86839-E441-455F-AC74-854E23E0C42F}.Release|Any CPU.ActiveCfg = Release|Any CPU
		{D7A86839-E441-455F-AC74-854E23E0C42F}.Release|Any CPU.Build.0 = Release|Any CPU
		{D7ECAC33-982C-453E-A8B9-B2026D87722A}.Debug|Any CPU.ActiveCfg = Debug|Any CPU
		{D7ECAC33-982C-453E-A8B9-B2026D87722A}.Debug|Any CPU.Build.0 = Debug|Any CPU
		{D7ECAC33-982C-453E-A8B9-B2026D87722A}.Release|Any CPU.ActiveCfg = Release|Any CPU
		{D7ECAC33-982C-453E-A8B9-B2026D87722A}.Release|Any CPU.Build.0 = Release|Any CPU
		{C1DA8E9C-FF43-4724-995A-0BE23905AEC3}.Debug|Any CPU.ActiveCfg = Debug|Any CPU
		{C1DA8E9C-FF43-4724-995A-0BE23905AEC3}.Debug|Any CPU.Build.0 = Debug|Any CPU
		{C1DA8E9C-FF43-4724-995A-0BE23905AEC3}.Release|Any CPU.ActiveCfg = Release|Any CPU
		{C1DA8E9C-FF43-4724-995A-0BE23905AEC3}.Release|Any CPU.Build.0 = Release|Any CPU
		{CC24C023-AA7D-4AB7-AC12-E41E42AB43BB}.Debug|Any CPU.ActiveCfg = Debug|Any CPU
		{CC24C023-AA7D-4AB7-AC12-E41E42AB43BB}.Debug|Any CPU.Build.0 = Debug|Any CPU
		{CC24C023-AA7D-4AB7-AC12-E41E42AB43BB}.Release|Any CPU.ActiveCfg = Release|Any CPU
		{CC24C023-AA7D-4AB7-AC12-E41E42AB43BB}.Release|Any CPU.Build.0 = Release|Any CPU
		{77D0C5DD-A3CF-44DA-B162-69768986D8E8}.Debug|Any CPU.ActiveCfg = Debug|Any CPU
		{77D0C5DD-A3CF-44DA-B162-69768986D8E8}.Debug|Any CPU.Build.0 = Debug|Any CPU
		{77D0C5DD-A3CF-44DA-B162-69768986D8E8}.Release|Any CPU.ActiveCfg = Release|Any CPU
		{77D0C5DD-A3CF-44DA-B162-69768986D8E8}.Release|Any CPU.Build.0 = Release|Any CPU
		{13423F1F-7478-40FA-869E-7AA3DC275DDA}.Debug|Any CPU.ActiveCfg = Debug|Any CPU
		{13423F1F-7478-40FA-869E-7AA3DC275DDA}.Debug|Any CPU.Build.0 = Debug|Any CPU
		{13423F1F-7478-40FA-869E-7AA3DC275DDA}.Release|Any CPU.ActiveCfg = Release|Any CPU
		{13423F1F-7478-40FA-869E-7AA3DC275DDA}.Release|Any CPU.Build.0 = Release|Any CPU
	EndGlobalSection
	GlobalSection(NestedProjects) = preSolution
		{104BEE7C-F012-46FA-9EFD-98C9A0C081F4} = {65D0BD3E-0ED1-4DED-91B0-366EEECB28C2}
		{43510A12-EF33-4764-AB1B-7003699F3065} = {104BEE7C-F012-46FA-9EFD-98C9A0C081F4}
		{FD26FDB7-4C15-45C5-A9E3-F982F23E4FC2} = {104BEE7C-F012-46FA-9EFD-98C9A0C081F4}
		{BAB40D2B-2709-4950-8074-E849F9EB3AB2} = {65D0BD3E-0ED1-4DED-91B0-366EEECB28C2}
		{3AD71972-5DF6-497A-A58C-F4FD48AD4DFF} = {BAB40D2B-2709-4950-8074-E849F9EB3AB2}
		{FAA70EA8-382E-45DE-AA02-04A8F0D86457} = {BAB40D2B-2709-4950-8074-E849F9EB3AB2}
		{F885307D-8D45-4D55-BC94-7104619A726A} = {66CC6ECC-2E38-4BB8-A19C-984086D10733}
		{DF3AA52C-523B-4483-8A4D-528554EA914D} = {15DA8E71-6B7D-4D0D-97B5-DA4CD201AE0E}
		{9B67D0A5-F457-48D1-97E7-F40A6B362D2D} = {DF3AA52C-523B-4483-8A4D-528554EA914D}
		{56D265A9-B7C9-49C7-8027-315D0BB7CC3C} = {9B67D0A5-F457-48D1-97E7-F40A6B362D2D}
		{0BE28E66-E10B-4739-A522-322B7C076AFE} = {9B67D0A5-F457-48D1-97E7-F40A6B362D2D}
		{0411C6D7-4D26-4E99-94F7-03156B93485E} = {56D265A9-B7C9-49C7-8027-315D0BB7CC3C}
		{D7A86839-E441-455F-AC74-854E23E0C42F} = {56D265A9-B7C9-49C7-8027-315D0BB7CC3C}
		{D7ECAC33-982C-453E-A8B9-B2026D87722A} = {56D265A9-B7C9-49C7-8027-315D0BB7CC3C}
		{D9C178D9-A8C8-4D3A-9583-27A69F1112C5} = {0BE28E66-E10B-4739-A522-322B7C076AFE}
		{C1DA8E9C-FF43-4724-995A-0BE23905AEC3} = {0BE28E66-E10B-4739-A522-322B7C076AFE}
		{CC24C023-AA7D-4AB7-AC12-E41E42AB43BB} = {0BE28E66-E10B-4739-A522-322B7C076AFE}
		{77D0C5DD-A3CF-44DA-B162-69768986D8E8} = {0BE28E66-E10B-4739-A522-322B7C076AFE}
		{BB53CB64-3B19-4CA4-8DD2-65D6CD3454AF} = {56D265A9-B7C9-49C7-8027-315D0BB7CC3C}
		{13423F1F-7478-40FA-869E-7AA3DC275DDA} = {0BE28E66-E10B-4739-A522-322B7C076AFE}
	EndGlobalSection
	GlobalSection(RiderSharedRunConfigurations) = postSolution
	EndGlobalSection
EndGlobal
