
Microsoft Visual Studio Solution File, Format Version 12.00
Project("{FAE04EC0-301F-11D3-BF4B-00C04F79EFBC}") = "Senf.EventSourcing.Core", "Core\src\Senf.EventSourcing.Core.csproj", "{43510A12-EF33-4764-AB1B-7003699F3065}"
EndProject
Project("{2150E333-8FDC-42A3-9474-1A3956D46DE8}") = "Core", "Core", "{65D0BD3E-0ED1-4DED-91B0-366EEECB28C2}"
EndProject
Project("{FAE04EC0-301F-11D3-BF4B-00C04F79EFBC}") = "Senf.EventSourcing.Core.Tests", "Core\test\Senf.EventSourcing.Core.Tests.csproj", "{296B3F08-9323-49E5-BA53-77BA55598CB3}"
EndProject
Project("{2150E333-8FDC-42A3-9474-1A3956D46DE8}") = "Testing", "Testing", "{66CC6ECC-2E38-4BB8-A19C-984086D10733}"
EndProject
Project("{FAE04EC0-301F-11D3-BF4B-00C04F79EFBC}") = "Senf.EventSourcing.Core.EventStore", "Core.EventStore\src\Senf.EventSourcing.Core.EventStore.csproj", "{FD26FDB7-4C15-45C5-A9E3-F982F23E4FC2}"
EndProject
Project("{2150E333-8FDC-42A3-9474-1A3956D46DE8}") = "src", "src", "{104BEE7C-F012-46FA-9EFD-98C9A0C081F4}"
EndProject
Project("{2150E333-8FDC-42A3-9474-1A3956D46DE8}") = "test", "test", "{BAB40D2B-2709-4950-8074-E849F9EB3AB2}"
EndProject
Global
	GlobalSection(SolutionConfigurationPlatforms) = preSolution
		Debug|Any CPU = Debug|Any CPU
		Release|Any CPU = Release|Any CPU
	EndGlobalSection
	GlobalSection(ProjectConfigurationPlatforms) = postSolution
		{43510A12-EF33-4764-AB1B-7003699F3065}.Debug|Any CPU.ActiveCfg = Debug|Any CPU
		{43510A12-EF33-4764-AB1B-7003699F3065}.Debug|Any CPU.Build.0 = Debug|Any CPU
		{43510A12-EF33-4764-AB1B-7003699F3065}.Release|Any CPU.ActiveCfg = Release|Any CPU
		{43510A12-EF33-4764-AB1B-7003699F3065}.Release|Any CPU.Build.0 = Release|Any CPU
		{296B3F08-9323-49E5-BA53-77BA55598CB3}.Debug|Any CPU.ActiveCfg = Debug|Any CPU
		{296B3F08-9323-49E5-BA53-77BA55598CB3}.Debug|Any CPU.Build.0 = Debug|Any CPU
		{296B3F08-9323-49E5-BA53-77BA55598CB3}.Release|Any CPU.ActiveCfg = Release|Any CPU
		{296B3F08-9323-49E5-BA53-77BA55598CB3}.Release|Any CPU.Build.0 = Release|Any CPU
		{FD26FDB7-4C15-45C5-A9E3-F982F23E4FC2}.Debug|Any CPU.ActiveCfg = Debug|Any CPU
		{FD26FDB7-4C15-45C5-A9E3-F982F23E4FC2}.Debug|Any CPU.Build.0 = Debug|Any CPU
		{FD26FDB7-4C15-45C5-A9E3-F982F23E4FC2}.Release|Any CPU.ActiveCfg = Release|Any CPU
		{FD26FDB7-4C15-45C5-A9E3-F982F23E4FC2}.Release|Any CPU.Build.0 = Release|Any CPU
	EndGlobalSection
	GlobalSection(NestedProjects) = preSolution
		{104BEE7C-F012-46FA-9EFD-98C9A0C081F4} = {65D0BD3E-0ED1-4DED-91B0-366EEECB28C2}
		{43510A12-EF33-4764-AB1B-7003699F3065} = {104BEE7C-F012-46FA-9EFD-98C9A0C081F4}
		{FD26FDB7-4C15-45C5-A9E3-F982F23E4FC2} = {104BEE7C-F012-46FA-9EFD-98C9A0C081F4}
		{BAB40D2B-2709-4950-8074-E849F9EB3AB2} = {65D0BD3E-0ED1-4DED-91B0-366EEECB28C2}
		{296B3F08-9323-49E5-BA53-77BA55598CB3} = {BAB40D2B-2709-4950-8074-E849F9EB3AB2}
	EndGlobalSection
EndGlobal
